schema: '2.0'
stages:
  transform:
    cmd: PYTHONPATH=. python3 scripts/labour-market/transform.py
    deps:
    - path: scripts/labour-market/config.py
      hash: md5
      md5: c9187b99fb9c48a24be707561d15eaa2
      size: 5131
    - path: scripts/labour-market/transform.py
      hash: md5
      md5: f1bef03011884fcb317729ccc5081d95
      size: 628
    - path: working/upstream/lms.csv
      hash: md5
      md5: 337581034b892e90273f9bf6b4766483
      size: 19085096
    outs:
    - path: data/labour-market/monthly-rolling.csv
      hash: md5
      md5: f157e83c95dc0c0572814eca5ec5e3c1
      size: 382785
  prepare:
    cmd: papermill prepare.ipynb ../../working/output/labour-market-prepare.ipynb
    deps:
    - path: ../../data/labour-market/monthly-rolling.csv
      hash: md5
      md5: f157e83c95dc0c0572814eca5ec5e3c1
      size: 382785
    - path: ../../scripts/util/
      hash: md5
      md5: 11bcc8647207a0a99fd2664fe46f756a.dir
      size: 10600
      nfiles: 7
    - path: ../../working/upstream/metadata.csv
      hash: md5
      md5: 5751fc2c41b5587374307f50527a6d37
      size: 201
    - path: config.py
      hash: md5
      md5: c9187b99fb9c48a24be707561d15eaa2
      size: 5131
    - path: prepare.ipynb
      hash: md5
      md5: a169583bbac0a6b21b631a4f25058bf1
      size: 55309
    - path: prepare.py
      hash: md5
      md5: 09def7c536dd2fc8644c8100908aaebc
      size: 6539
    outs:
    - path: ../../src/_data/sources/labour-market/headlines.csv
      hash: md5
      md5: 7875f031fad08bf535d4b44c46797530
      size: 1167
    - path: ../../src/_data/sources/labour-market/labour_market_status_all_data.csv
      hash: md5
      md5: b51e4d1533d500d500de9ebdc49c5a15
      size: 35766
    - path: ../../src/_data/sources/labour-market/labour_market_status_last_3_years.csv
      hash: md5
      md5: 1dccdf440d26b111420e6a8a99f3ea89
      size: 6479
    - path: ../../src/_data/sources/labour-market/long_term_unemployed_all_data.csv
      hash: md5
      md5: 0d5b825c37064a1da9b2be748d5b6dbe
      size: 12110
    - path: ../../src/_data/sources/labour-market/long_term_unemployed_last_3_years.csv
      hash: md5
      md5: d9967f0b2265414cc59bfec8b80e3775
      size: 1943
    - path: ../../src/dashboard/labour-market/_data/latest.json
      hash: md5
      md5: 61d61157cb995894fc5330a2a6b657d6
      size: 534
