schema: '2.0'
stages:
  transform:
    cmd: PYTHONPATH=. python3 scripts/labour-market/transform.py
    deps:
    - path: scripts/labour-market/config.py
      hash: md5
      md5: c9187b99fb9c48a24be707561d15eaa2
      size: 5131
    - path: scripts/labour-market/transform.py
      hash: md5
      md5: f1bef03011884fcb317729ccc5081d95
      size: 628
    - path: working/upstream/lms.csv
      hash: md5
      md5: e380b66622d8524fbea0b8cfcdeb9e08
      size: 19247048
    outs:
    - path: data/labour-market/monthly-rolling.csv
      hash: md5
      md5: ebfb72239ae1e1fa97a039ca4dadaf33
      size: 387897
  prepare:
    cmd: papermill prepare.ipynb ../../working/output/labour-market-prepare.ipynb
    deps:
    - path: ../../data/labour-market/monthly-rolling.csv
      hash: md5
      md5: ebfb72239ae1e1fa97a039ca4dadaf33
      size: 387897
    - path: ../../scripts/util/
      hash: md5
      md5: 11bcc8647207a0a99fd2664fe46f756a.dir
      size: 10600
      nfiles: 7
    - path: ../../working/upstream/metadata.csv
      hash: md5
      md5: ce9ab0a3fb71d3a9df56b1060d9cdce4
      size: 201
    - path: config.py
      hash: md5
      md5: c9187b99fb9c48a24be707561d15eaa2
      size: 5131
    - path: prepare.ipynb
      hash: md5
      md5: a169583bbac0a6b21b631a4f25058bf1
      size: 55309
    - path: prepare.py
      hash: md5
      md5: 09def7c536dd2fc8644c8100908aaebc
      size: 6539
    outs:
    - path: ../../src/_data/sources/labour-market/headlines.csv
      hash: md5
      md5: bab15eb47ff9af696d09468aaf43367e
      size: 1167
    - path: ../../src/_data/sources/labour-market/labour_market_status_all_data.csv
      hash: md5
      md5: d2f92a7a54909a93e0c6d3b83e441df7
      size: 36432
    - path: ../../src/_data/sources/labour-market/labour_market_status_last_3_years.csv
      hash: md5
      md5: 0826e9d17633cbf023568e08edbeff3f
      size: 6485
    - path: ../../src/_data/sources/labour-market/long_term_unemployed_all_data.csv
      hash: md5
      md5: 5195baec3e5c1c95017195b3c93bf730
      size: 12315
    - path: ../../src/_data/sources/labour-market/long_term_unemployed_last_3_years.csv
      hash: md5
      md5: 20a411dd196378d6a193eb8ed7a39552
      size: 1917
    - path: ../../src/dashboard/labour-market/_data/latest.json
      hash: md5
      md5: 0ae66e875709942f2fe83fdc26448784
      size: 534
