schema: '2.0'
stages:
  vis:
    cmd: PYTHONPATH=. python3 scripts/cpi/vis.py
    deps:
    - path: scripts/cpi/vis.py
      hash: md5
      md5: 1422c0cbcc30767a544fad3d290ed1dc
      size: 1176
    - path: scripts/util/util.py
      hash: md5
      md5: 7a19e12e920588cbb68973ae44b53384
      size: 5215
    - path: src/_data/sources/cpi/cpi_all_category_bar_chart.csv
      hash: md5
      md5: c5b98934ac236407527fb11f73ea6e2e
      size: 572
    - path: src/_data/sources/cpi/cpi_barchart.csv
      hash: md5
      md5: e67e7966f7f7dc68730e54581eefdac4
      size: 241
  transform:
    cmd: PYTHONPATH=. python3 scripts/cpi/transform.py
    deps:
    - path: scripts/cpi/transform.py
      hash: md5
      md5: 878b727488c1ea7f88e6d37cfb0775cb
      size: 784
    - path: scripts/util/date.py
      hash: md5
      md5: 2e7d9d4230f47d81d486885152d79f8c
      size: 1564
    - path: working/upstream/mm23.csv
      hash: md5
      md5: 2ba95e5776e3978a8b18e9526edfef6d
      size: 26555272
    outs:
    - path: data/cpi/transformed_cpi.csv
      hash: md5
      md5: c98c934bd13c150de4d22c1cb29a8466
      size: 135969
  prepare:
    cmd: PYTHONPATH=. python3 scripts/cpi/prepare.py
    deps:
    - path: data/cpi/transformed_cpi.csv
      hash: md5
      md5: c98c934bd13c150de4d22c1cb29a8466
      size: 135969
    - path: scripts/cpi/prepare.py
      hash: md5
      md5: baa430f643d94e5596d409b15e943900
      size: 8605
    - path: working/upstream/metadata.csv
      hash: md5
      md5: c4030fc72a9db6b5335e7423f9123677
      size: 201
    - path: working/upstream/mm23-codes.csv
      hash: md5
      md5: e2f9cc327d92a0084c903551811e39f6
      size: 377769
    outs:
    - path: data/cpi/indicator.csv
      hash: md5
      md5: 14a342cdb0f0d8df2649e229390d563c
      size: 122
    - path: src/_data/sources/cpi/cpi_all_category_bar_chart.csv
      hash: md5
      md5: 025acb1fbc24dbe8ea1bdcfaa62e28f2
      size: 571
    - path: src/_data/sources/cpi/cpi_barchart.csv
      hash: md5
      md5: 08f2916ccdd92b521744c8f7e91e2ab2
      size: 236
    - path: src/_data/sources/cpi/cpi_linechart.csv
      hash: md5
      md5: 2ff1505b0776ce7c602229ba390115f2
      size: 15272
    - path: src/_data/sources/cpi/cpi_summary_barchart.csv
      hash: md5
      md5: 77dcf955cf2e4ea177846d09d4e93f16
      size: 150
    - path: src/_data/sources/cpi/headlines.csv
      hash: md5
      md5: 1a02e0e6394dfa40ee0bfe4ffd0eb6e4
      size: 311
    - path: src/_data/sources/cpi/metadata.json
      hash: md5
      md5: cdaa5df1249bdbd3497cc925171aaf49
      size: 56
  extract:
    cmd: PYTHONPATH=. python3 scripts/cpi/extract.py
    deps:
    - path: scripts/cpi/extract.py
      hash: md5
      md5: 8f761af28d451ece6e75beaad5e6296b
      size: 466
    outs:
    - path: working/cpi/consumerpriceinflationdetailedreferencetables.xlsx
      hash: md5
      md5: a0a65f14b367259b0f26de6186f918ec
      size: 2155946
      isexec: true
