schema: '2.0'
stages:
  vis:
    cmd: PYTHONPATH=. python3 scripts/cpi/vis.py
    deps:
    - path: scripts/cpi/vis.py
      hash: md5
      md5: 1422c0cbcc30767a544fad3d290ed1dc
      size: 1176
    - path: scripts/util/util.py
      hash: md5
      md5: 7a19e12e920588cbb68973ae44b53384
      size: 5215
    - path: src/_data/sources/cpi/cpi_all_category_bar_chart.csv
      hash: md5
      md5: c5b98934ac236407527fb11f73ea6e2e
      size: 572
    - path: src/_data/sources/cpi/cpi_barchart.csv
      hash: md5
      md5: e67e7966f7f7dc68730e54581eefdac4
      size: 241
  transform:
    cmd: PYTHONPATH=. python3 scripts/cpi/transform.py
    deps:
    - path: scripts/cpi/transform.py
      hash: md5
      md5: 878b727488c1ea7f88e6d37cfb0775cb
      size: 784
    - path: scripts/util/date.py
      hash: md5
      md5: 2e7d9d4230f47d81d486885152d79f8c
      size: 1564
    - path: working/upstream/mm23.csv
      hash: md5
      md5: 7e989c1a7c9fb48160ad9c312354ae1c
      size: 26324369
    outs:
    - path: data/cpi/transformed_cpi.csv
      hash: md5
      md5: 251857e471fc2bfec39e8b7bb95ae8f4
      size: 135033
  prepare:
    cmd: PYTHONPATH=. python3 scripts/cpi/prepare.py
    deps:
    - path: data/cpi/transformed_cpi.csv
      hash: md5
      md5: 251857e471fc2bfec39e8b7bb95ae8f4
      size: 135033
    - path: scripts/cpi/prepare.py
      hash: md5
      md5: baa430f643d94e5596d409b15e943900
      size: 8605
    - path: working/upstream/metadata.csv
      hash: md5
      md5: d0e4feac626fdbd21e39bf74e06169bc
      size: 201
    - path: working/upstream/mm23-codes.csv
      hash: md5
      md5: a1d0e5ebee8bda9de9afe988414048e8
      size: 377769
    outs:
    - path: data/cpi/indicator.csv
      hash: md5
      md5: dd2c418c2e95883feaa50ba5c9112b20
      size: 119
    - path: src/_data/sources/cpi/cpi_all_category_bar_chart.csv
      hash: md5
      md5: cbd5d86d0286b1eb0cba505d9509db28
      size: 573
    - path: src/_data/sources/cpi/cpi_barchart.csv
      hash: md5
      md5: 3e2d08db6233bbf19db0e8c50edd6a4a
      size: 238
    - path: src/_data/sources/cpi/cpi_linechart.csv
      hash: md5
      md5: c4ff44a075d7463e4e34f13b48203acd
      size: 15240
    - path: src/_data/sources/cpi/cpi_summary_barchart.csv
      hash: md5
      md5: b88e20ef681833f8ea6079a56cb3e42d
      size: 166
    - path: src/_data/sources/cpi/headlines.csv
      hash: md5
      md5: 8f40886ad23adb0f94b4f864b728a7e6
      size: 322
    - path: src/_data/sources/cpi/metadata.json
      hash: md5
      md5: e5798ff16475ba21fc0c599fdfb5a68d
      size: 62
  extract:
    cmd: PYTHONPATH=. python3 scripts/cpi/extract.py
    deps:
    - path: scripts/cpi/extract.py
      hash: md5
      md5: 8f761af28d451ece6e75beaad5e6296b
      size: 466
    outs:
    - path: working/cpi/consumerpriceinflationdetailedreferencetables.xlsx
      hash: md5
      md5: a0a65f14b367259b0f26de6186f918ec
      size: 2155946
      isexec: true
