schema: '2.0'
stages:
  vis:
    cmd: PYTHONPATH=. python3 scripts/cpi/vis.py
    deps:
    - path: scripts/cpi/vis.py
      hash: md5
      md5: 1422c0cbcc30767a544fad3d290ed1dc
      size: 1176
    - path: scripts/util/util.py
      hash: md5
      md5: 7a19e12e920588cbb68973ae44b53384
      size: 5215
    - path: src/_data/sources/cpi/cpi_all_category_bar_chart.csv
      hash: md5
      md5: c5b98934ac236407527fb11f73ea6e2e
      size: 572
    - path: src/_data/sources/cpi/cpi_barchart.csv
      hash: md5
      md5: e67e7966f7f7dc68730e54581eefdac4
      size: 241
  transform:
    cmd: PYTHONPATH=. python3 scripts/cpi/transform.py
    deps:
    - path: scripts/cpi/transform.py
      hash: md5
      md5: 878b727488c1ea7f88e6d37cfb0775cb
      size: 784
    - path: scripts/util/date.py
      hash: md5
      md5: 2e7d9d4230f47d81d486885152d79f8c
      size: 1564
    - path: working/upstream/mm23.csv
      hash: md5
      md5: 060e531ea4b43e01daa49aae92a82610
      size: 26721031
    outs:
    - path: data/cpi/transformed_cpi.csv
      hash: md5
      md5: be9cce14f8f17e9f98fe23b228d360fb
      size: 136593
  prepare:
    cmd: PYTHONPATH=. python3 scripts/cpi/prepare.py
    deps:
    - path: data/cpi/transformed_cpi.csv
      hash: md5
      md5: be9cce14f8f17e9f98fe23b228d360fb
      size: 136593
    - path: scripts/cpi/prepare.py
      hash: md5
      md5: baa430f643d94e5596d409b15e943900
      size: 8605
    - path: working/upstream/metadata.csv
      hash: md5
      md5: ce9ab0a3fb71d3a9df56b1060d9cdce4
      size: 201
    - path: working/upstream/mm23-codes.csv
      hash: md5
      md5: 17200cfcc1927c512dcc7f29f98cd2ae
      size: 377769
    outs:
    - path: data/cpi/indicator.csv
      hash: md5
      md5: c6f0394b199c0135fe32242fffce9007
      size: 121
    - path: src/_data/sources/cpi/cpi_all_category_bar_chart.csv
      hash: md5
      md5: d5fea6eeaade59dd06e67b607c40757b
      size: 566
    - path: src/_data/sources/cpi/cpi_barchart.csv
      hash: md5
      md5: fbea9b910fed647c37995dadb96141e8
      size: 234
    - path: src/_data/sources/cpi/cpi_linechart.csv
      hash: md5
      md5: 15b88c5999fc8e4a56190733f6602fe2
      size: 15261
    - path: src/_data/sources/cpi/cpi_summary_barchart.csv
      hash: md5
      md5: fa647d482df5b3ab764f15663f2d66ff
      size: 166
    - path: src/_data/sources/cpi/headlines.csv
      hash: md5
      md5: 898a9b36d1ebe579e65f657a1e1a8c6b
      size: 312
    - path: src/_data/sources/cpi/metadata.json
      hash: md5
      md5: 464c073edc18fbfae2eca7ab18e88bac
      size: 59
  extract:
    cmd: PYTHONPATH=. python3 scripts/cpi/extract.py
    deps:
    - path: scripts/cpi/extract.py
      hash: md5
      md5: 8f761af28d451ece6e75beaad5e6296b
      size: 466
    outs:
    - path: working/cpi/consumerpriceinflationdetailedreferencetables.xlsx
      hash: md5
      md5: a0a65f14b367259b0f26de6186f918ec
      size: 2155946
      isexec: true
