schema: '2.0'
stages:
  prepare:
    cmd: PYTHONPATH=. python3 scripts/vacancies/prepare.py
    deps:
    - path: data/vacancies/vacancies_by_date.csv
      hash: md5
      md5: 8816e7606452767a9be103fbbe20c533
      size: 9728
    - path: scripts/util/metadata.py
      hash: md5
      md5: cfc702d76a3920af615dbbf1a9408cfd
      size: 697
    - path: scripts/vacancies/prepare.py
      hash: md5
      md5: 30321cc17cc6416dad43924392b54f00
      size: 5836
    - path: working/upstream/metadata.csv
      hash: md5
      md5: 4f6c39e1fb316f890eb1950c444bec57
      size: 201
    - path: working/upstream/vacancies-growth-by-sector.csv
      hash: md5
      md5: 76a44c2217a5cf8436eb3b3001110952
      size: 5442
    outs:
    - path: src/_data/sources/vacancies/
      hash: md5
      md5: bab306865fc524cf376269aa3d3d9ed7.dir
      size: 23915
      nfiles: 7
  extract:
    cmd: PYTHONPATH=. python3 scripts/vacancies/extract.py
    deps:
    - path: scripts/vacancies/extract.py
      md5: a49fc352dd8af50aa8d41b53463ec90d
      size: 547
    outs:
    - path: working/vacancies/vacancies_by_sector.csv
      hash: md5
      md5: d87aa1a94f87db2274f2b87c9ee0d9ab
      size: 848
  transform:
    cmd: papermill --no-progress-bar transform.ipynb ../../working/output/vacancies-transform.ipynb
    deps:
    - path: ../../working/upstream/unem-codes.csv
      hash: md5
      md5: 75dcef2c4c8746542c2253e328df92a5
      size: 33842
    - path: ../../working/upstream/unem.csv
      hash: md5
      md5: 5a9684497186fb1c77abc469202c0adb
      size: 3769768
    - path: transform.ipynb
      hash: md5
      md5: 9ad3d7e68c06102c0196aa068faabfc2
      size: 2209
    outs:
    - path: ../../data/vacancies/vacancies_by_date.csv
      hash: md5
      md5: 8816e7606452767a9be103fbbe20c533
      size: 9728
